{
  "originHash" : "ffd676ea6f7ddc261896d772443951d248a5c53f38aad2bb1cb31868a455d8d7",
  "pins" : [
    {
      "identity" : "swift-fuzz",
      "kind" : "remoteSourceControl",
      "location" : "https://github.com/brokenhandsio/swift-fuzz.git",
      "state" : {
        "revision" : "598aa683d14be84a6f8dd914e01528bce4c21ca4",
        "version" : "0.4.0"
      }
    }
  ],
  "version" : 3
}
